{
  "name": "Challenges",
  "version": "1.0.0",
  "lockfileVersion": 1,
  "requires": true,
  "dependencies": {
    "las-js": {
      "version": "3.1.2",
      "resolved": "https://registry.npmjs.org/las-js/-/las-js-3.1.2.tgz",
      "integrity": "sha512-Z/zYtQ7ewPPjJtmEypkJzAFlxmVT3x7uwL2B6pA0hvEDySCoVym7Zgl5zPTlWaNUUU55dcdGKQAP2DgobztrPQ=="
    }
  }
}
